// !$*UTF8*$!
{
	archiveVersion = 1;
	classes = {
	};
	objectVersion = 50;
	objects = {

/* Begin PBXBuildFile section */
		EE4FE68224C5321300015194 /* AppDelegate.swift in Sources */ = {isa = PBXBuildFile; fileRef = EE4FE68124C5321300015194 /* AppDelegate.swift */; };
		EE4FE68424C5321300015194 /* SceneDelegate.swift in Sources */ = {isa = PBXBuildFile; fileRef = EE4FE68324C5321300015194 /* SceneDelegate.swift */; };
		EE4FE68624C5321300015194 /* ViewController.swift in Sources */ = {isa = PBXBuildFile; fileRef = EE4FE68524C5321300015194 /* ViewController.swift */; };
		EE4FE68924C5321300015194 /* Main.storyboard in Resources */ = {isa = PBXBuildFile; fileRef = EE4FE68724C5321300015194 /* Main.storyboard */; };
		EE4FE68B24C5321600015194 /* Assets.xcassets in Resources */ = {isa = PBXBuildFile; fileRef = EE4FE68A24C5321600015194 /* Assets.xcassets */; };
		EE4FE68E24C5321600015194 /* LaunchScreen.storyboard in Resources */ = {isa = PBXBuildFile; fileRef = EE4FE68C24C5321600015194 /* LaunchScreen.storyboard */; };
		EE4FE69624C5323200015194 /* ImageDownloader.swift in Sources */ = {isa = PBXBuildFile; fileRef = EE4FE69524C5323200015194 /* ImageDownloader.swift */; };
		EE4FE69924C5325900015194 /* Movie.swift in Sources */ = {isa = PBXBuildFile; fileRef = EE4FE69824C5325900015194 /* Movie.swift */; };
		EE4FE69D24C533EF00015194 /* MovieRepository.swift in Sources */ = {isa = PBXBuildFile; fileRef = EE4FE69C24C533EF00015194 /* MovieRepository.swift */; };
		EEE4751B24C5369800617944 /* PendingOperations.swift in Sources */ = {isa = PBXBuildFile; fileRef = EEE4751A24C5369800617944 /* PendingOperations.swift */; };
/* End PBXBuildFile section */

/* Begin PBXFileReference section */
		EE4FE67E24C5321300015194 /* My List Movie.app */ = {isa = PBXFileReference; explicitFileType = wrapper.application; includeInIndex = 0; path = "My List Movie.app"; sourceTree = BUILT_PRODUCTS_DIR; };
		EE4FE68124C5321300015194 /* AppDelegate.swift */ = {isa = PBXFileReference; lastKnownFileType = sourcecode.swift; path = AppDelegate.swift; sourceTree = "<group>"; };
		EE4FE68324C5321300015194 /* SceneDelegate.swift */ = {isa = PBXFileReference; lastKnownFileType = sourcecode.swift; path = SceneDelegate.swift; sourceTree = "<group>"; };
		EE4FE68524C5321300015194 /* ViewController.swift */ = {isa = PBXFileReference; lastKnownFileType = sourcecode.swift; path = ViewController.swift; sourceTree = "<group>"; };
		EE4FE68824C5321300015194 /* Base */ = {isa = PBXFileReference; lastKnownFileType = file.storyboard; name = Base; path = Base.lproj/Main.storyboard; sourceTree = "<group>"; };
		EE4FE68A24C5321600015194 /* Assets.xcassets */ = {isa = PBXFileReference; lastKnownFileType = folder.assetcatalog; path = Assets.xcassets; sourceTree = "<group>"; };
		EE4FE68D24C5321600015194 /* Base */ = {isa = PBXFileReference; lastKnownFileType = file.storyboard; name = Base; path = Base.lproj/LaunchScreen.storyboard; sourceTree = "<group>"; };
		EE4FE68F24C5321600015194 /* Info.plist */ = {isa = PBXFileReference; lastKnownFileType = text.plist.xml; path = Info.plist; sourceTree = "<group>"; };
		EE4FE69524C5323200015194 /* ImageDownloader.swift */ = {isa = PBXFileReference; lastKnownFileType = sourcecode.swift; path = ImageDownloader.swift; sourceTree = "<group>"; };
		EE4FE69824C5325900015194 /* Movie.swift */ = {isa = PBXFileReference; lastKnownFileType = sourcecode.swift; path = Movie.swift; sourceTree = "<group>"; };
		EE4FE69C24C533EF00015194 /* MovieRepository.swift */ = {isa = PBXFileReference; lastKnownFileType = sourcecode.swift; path = MovieRepository.swift; sourceTree = "<group>"; };
		EEE4751A24C5369800617944 /* PendingOperations.swift */ = {isa = PBXFileReference; lastKnownFileType = sourcecode.swift; path = PendingOperations.swift; sourceTree = "<group>"; };
/* End PBXFileReference section */

/* Begin PBXFrameworksBuildPhase section */
		EE4FE67B24C5321300015194 /* Frameworks */ = {
			isa = PBXFrameworksBuildPhase;
			buildActionMask = 2147483647;
			files = (
			);
			runOnlyForDeploymentPostprocessing = 0;
		};
/* End PBXFrameworksBuildPhase section */

/* Begin PBXGroup section */
		EE4FE67524C5321300015194 = {
			isa = PBXGroup;
			children = (
				EE4FE68024C5321300015194 /* My List Movie */,
				EE4FE67F24C5321300015194 /* Products */,
			);
			sourceTree = "<group>";
		};
		EE4FE67F24C5321300015194 /* Products */ = {
			isa = PBXGroup;
			children = (
				EE4FE67E24C5321300015194 /* My List Movie.app */,
			);
			name = Products;
			sourceTree = "<group>";
		};
		EE4FE68024C5321300015194 /* My List Movie */ = {
			isa = PBXGroup;
			children = (
				EE4FE69E24C5342D00015194 /* Core */,
				EE4FE69A24C533CD00015194 /* Data */,
				EE4FE68124C5321300015194 /* AppDelegate.swift */,
				EE4FE68324C5321300015194 /* SceneDelegate.swift */,
				EE4FE68524C5321300015194 /* ViewController.swift */,
				EE4FE68724C5321300015194 /* Main.storyboard */,
				EE4FE68A24C5321600015194 /* Assets.xcassets */,
				EE4FE68C24C5321600015194 /* LaunchScreen.storyboard */,
				EE4FE68F24C5321600015194 /* Info.plist */,
			);
			path = "My List Movie";
			sourceTree = "<group>";
		};
		EE4FE69724C5324E00015194 /* Model */ = {
			isa = PBXGroup;
			children = (
				EE4FE69824C5325900015194 /* Movie.swift */,
			);
			path = Model;
			sourceTree = "<group>";
		};
		EE4FE69A24C533CD00015194 /* Data */ = {
			isa = PBXGroup;
			children = (
				EE4FE69B24C533DB00015194 /* Repository */,
				EE4FE69724C5324E00015194 /* Model */,
			);
			path = Data;
			sourceTree = "<group>";
		};
		EE4FE69B24C533DB00015194 /* Repository */ = {
			isa = PBXGroup;
			children = (
				EE4FE69C24C533EF00015194 /* MovieRepository.swift */,
			);
			path = Repository;
			sourceTree = "<group>";
		};
		EE4FE69E24C5342D00015194 /* Core */ = {
			isa = PBXGroup;
			children = (
				EE4FE69F24C5343200015194 /* Utils */,
			);
			path = Core;
			sourceTree = "<group>";
		};
		EE4FE69F24C5343200015194 /* Utils */ = {
			isa = PBXGroup;
			children = (
				EE4FE69524C5323200015194 /* ImageDownloader.swift */,
				EEE4751A24C5369800617944 /* PendingOperations.swift */,
			);
			path = Utils;
			sourceTree = "<group>";
		};
/* End PBXGroup section */

/* Begin PBXNativeTarget section */
		EE4FE67D24C5321300015194 /* My List Movie */ = {
			isa = PBXNativeTarget;
			buildConfigurationList = EE4FE69224C5321600015194 /* Build configuration list for PBXNativeTarget "My List Movie" */;
			buildPhases = (
				EE4FE67A24C5321300015194 /* Sources */,
				EE4FE67B24C5321300015194 /* Frameworks */,
				EE4FE67C24C5321300015194 /* Resources */,
			);
			buildRules = (
			);
			dependencies = (
			);
			name = "My List Movie";
			productName = "My List Movie";
			productReference = EE4FE67E24C5321300015194 /* My List Movie.app */;
			productType = "com.apple.product-type.application";
		};
/* End PBXNativeTarget section */

/* Begin PBXProject section */
		EE4FE67624C5321300015194 /* Project object */ = {
			isa = PBXProject;
			attributes = {
				LastSwiftUpdateCheck = 1150;
				LastUpgradeCheck = 1150;
				ORGANIZATIONNAME = "ilga yulian putra";
				TargetAttributes = {
					EE4FE67D24C5321300015194 = {
						CreatedOnToolsVersion = 11.5;
					};
				};
			};
			buildConfigurationList = EE4FE67924C5321300015194 /* Build configuration list for PBXProject "My List Movie" */;
			compatibilityVersion = "Xcode 9.3";
			developmentRegion = en;
			hasScannedForEncodings = 0;
			knownRegions = (
				en,
				Base,
			);
			mainGroup = EE4FE67524C5321300015194;
			productRefGroup = EE4FE67F24C5321300015194 /* Products */;
			projectDirPath = "";
			projectRoot = "";
			targets = (
				EE4FE67D24C5321300015194 /* My List Movie */,
			);
		};
/* End PBXProject section */

/* Begin PBXResourcesBuildPhase section */
		EE4FE67C24C5321300015194 /* Resources */ = {
			isa = PBXResourcesBuildPhase;
			buildActionMask = 2147483647;
			files = (
				EE4FE68E24C5321600015194 /* LaunchScreen.storyboard in Resources */,
				EE4FE68B24C5321600015194 /* Assets.xcassets in Resources */,
				EE4FE68924C5321300015194 /* Main.storyboard in Resources */,
			);
			runOnlyForDeploymentPostprocessing = 0;
		};
/* End PBXResourcesBuildPhase section */

/* Begin PBXSourcesBuildPhase section */
		EE4FE67A24C5321300015194 /* Sources */ = {
			isa = PBXSourcesBuildPhase;
			buildActionMask = 2147483647;
			files = (
				EE4FE68624C5321300015194 /* ViewController.swift in Sources */,
				EE4FE68224C5321300015194 /* AppDelegate.swift in Sources */,
				EE4FE69D24C533EF00015194 /* MovieRepository.swift in Sources */,
				EEE4751B24C5369800617944 /* PendingOperations.swift in Sources */,
				EE4FE69624C5323200015194 /* ImageDownloader.swift in Sources */,
				EE4FE68424C5321300015194 /* SceneDelegate.swift in Sources */,
				EE4FE69924C5325900015194 /* Movie.swift in Sources */,
			);
			runOnlyForDeploymentPostprocessing = 0;
		};
/* End PBXSourcesBuildPhase section */

/* Begin PBXVariantGroup section */
		EE4FE68724C5321300015194 /* Main.storyboard */ = {
			isa = PBXVariantGroup;
			children = (
				EE4FE68824C5321300015194 /* Base */,
			);
			name = Main.storyboard;
			sourceTree = "<group>";
		};
		EE4FE68C24C5321600015194 /* LaunchScreen.storyboard */ = {
			isa = PBXVariantGroup;
			children = (
				EE4FE68D24C5321600015194 /* Base */,
			);
			name = LaunchScreen.storyboard;
			sourceTree = "<group>";
		};
/* End PBXVariantGroup section */

/* Begin XCBuildConfiguration section */
		EE4FE69024C5321600015194 /* Debug */ = {
			isa = XCBuildConfiguration;
			buildSettings = {
				ALWAYS_SEARCH_USER_PATHS = NO;
				CLANG_ANALYZER_NONNULL = YES;
				CLANG_ANALYZER_NUMBER_OBJECT_CONVERSION = YES_AGGRESSIVE;
				CLANG_CXX_LANGUAGE_STANDARD = "gnu++14";
				CLANG_CXX_LIBRARY = "libc++";
				CLANG_ENABLE_MODULES = YES;
				CLANG_ENABLE_OBJC_ARC = YES;
				CLANG_ENABLE_OBJC_WEAK = YES;
				CLANG_WARN_BLOCK_CAPTURE_AUTORELEASING = YES;
				CLANG_WARN_BOOL_CONVERSION = YES;
				CLANG_WARN_COMMA = YES;
				CLANG_WARN_CONSTANT_CONVERSION = YES;
				CLANG_WARN_DEPRECATED_OBJC_IMPLEMENTATIONS = YES;
				CLANG_WARN_DIRECT_OBJC_ISA_USAGE = YES_ERROR;
				CLANG_WARN_DOCUMENTATION_COMMENTS = YES;
				CLANG_WARN_EMPTY_BODY = YES;
				CLANG_WARN_ENUM_CONVERSION = YES;
				CLANG_WARN_INFINITE_RECURSION = YES;
				CLANG_WARN_INT_CONVERSION = YES;
				CLANG_WARN_NON_LITERAL_NULL_CONVERSION = YES;
				CLANG_WARN_OBJC_IMPLICIT_RETAIN_SELF = YES;
				CLANG_WARN_OBJC_LITERAL_CONVERSION = YES;
				CLANG_WARN_OBJC_ROOT_CLASS = YES_ERROR;
				CLANG_WARN_RANGE_LOOP_ANALYSIS = YES;
				CLANG_WARN_STRICT_PROTOTYPES = YES;
				CLANG_WARN_SUSPICIOUS_MOVE = YES;
				CLANG_WARN_UNGUARDED_AVAILABILITY = YES_AGGRESSIVE;
				CLANG_WARN_UNREACHABLE_CODE = YES;
				CLANG_WARN__DUPLICATE_METHOD_MATCH = YES;
				COPY_PHASE_STRIP = NO;
				DEBUG_INFORMATION_FORMAT = dwarf;
				ENABLE_STRICT_OBJC_MSGSEND = YES;
				ENABLE_TESTABILITY = YES;
				GCC_C_LANGUAGE_STANDARD = gnu11;
				GCC_DYNAMIC_NO_PIC = NO;
				GCC_NO_COMMON_BLOCKS = YES;
				GCC_OPTIMIZATION_LEVEL = 0;
				GCC_PREPROCESSOR_DEFINITIONS = (
					"DEBUG=1",
					"$(inherited)",
				);
				GCC_WARN_64_TO_32_BIT_CONVERSION = YES;
				GCC_WARN_ABOUT_RETURN_TYPE = YES_ERROR;
				GCC_WARN_UNDECLARED_SELECTOR = YES;
				GCC_WARN_UNINITIALIZED_AUTOS = YES_AGGRESSIVE;
				GCC_WARN_UNUSED_FUNCTION = YES;
				GCC_WARN_UNUSED_VARIABLE = YES;
				IPHONEOS_DEPLOYMENT_TARGET = 13.5;
				MTL_ENABLE_DEBUG_INFO = INCLUDE_SOURCE;
				MTL_FAST_MATH = YES;
				ONLY_ACTIVE_ARCH = YES;
				SDKROOT = iphoneos;
				SWIFT_ACTIVE_COMPILATION_CONDITIONS = DEBUG;
				SWIFT_OPTIMIZATION_LEVEL = "-Onone";
			};
			name = Debug;
		};
		EE4FE69124C5321600015194 /* Release */ = {
			isa = XCBuildConfiguration;
			buildSettings = {
				ALWAYS_SEARCH_USER_PATHS = NO;
				CLANG_ANALYZER_NONNULL = YES;
				CLANG_ANALYZER_NUMBER_OBJECT_CONVERSION = YES_AGGRESSIVE;
				CLANG_CXX_LANGUAGE_STANDARD = "gnu++14";
				CLANG_CXX_LIBRARY = "libc++";
				CLANG_ENABLE_MODULES = YES;
				CLANG_ENABLE_OBJC_ARC = YES;
				CLANG_ENABLE_OBJC_WEAK = YES;
				CLANG_WARN_BLOCK_CAPTURE_AUTORELEASING = YES;
				CLANG_WARN_BOOL_CONVERSION = YES;
				CLANG_WARN_COMMA = YES;
				CLANG_WARN_CONSTANT_CONVERSION = YES;
				CLANG_WARN_DEPRECATED_OBJC_IMPLEMENTATIONS = YES;
				CLANG_WARN_DIRECT_OBJC_ISA_USAGE = YES_ERROR;
				CLANG_WARN_DOCUMENTATION_COMMENTS = YES;
				CLANG_WARN_EMPTY_BODY = YES;
				CLANG_WARN_ENUM_CONVERSION = YES;
				CLANG_WARN_INFINITE_RECURSION = YES;
				CLANG_WARN_INT_CONVERSION = YES;
				CLANG_WARN_NON_LITERAL_NULL_CONVERSION = YES;
				CLANG_WARN_OBJC_IMPLICIT_RETAIN_SELF = YES;
				CLANG_WARN_OBJC_LITERAL_CONVERSION = YES;
				CLANG_WARN_OBJC_ROOT_CLASS = YES_ERROR;
				CLANG_WARN_RANGE_LOOP_ANALYSIS = YES;
				CLANG_WARN_STRICT_PROTOTYPES = YES;
				CLANG_WARN_SUSPICIOUS_MOVE = YES;
				CLANG_WARN_UNGUARDED_AVAILABILITY = YES_AGGRESSIVE;
				CLANG_WARN_UNREACHABLE_CODE = YES;
				CLANG_WARN__DUPLICATE_METHOD_MATCH = YES;
				COPY_PHASE_STRIP = NO;
				DEBUG_INFORMATION_FORMAT = "dwarf-with-dsym";
				ENABLE_NS_ASSERTIONS = NO;
				ENABLE_STRICT_OBJC_MSGSEND = YES;
				GCC_C_LANGUAGE_STANDARD = gnu11;
				GCC_NO_COMMON_BLOCKS = YES;
				GCC_WARN_64_TO_32_BIT_CONVERSION = YES;
				GCC_WARN_ABOUT_RETURN_TYPE = YES_ERROR;
				GCC_WARN_UNDECLARED_SELECTOR = YES;
				GCC_WARN_UNINITIALIZED_AUTOS = YES_AGGRESSIVE;
				GCC_WARN_UNUSED_FUNCTION = YES;
				GCC_WARN_UNUSED_VARIABLE = YES;
				IPHONEOS_DEPLOYMENT_TARGET = 13.5;
				MTL_ENABLE_DEBUG_INFO = NO;
				MTL_FAST_MATH = YES;
				SDKROOT = iphoneos;
				SWIFT_COMPILATION_MODE = wholemodule;
				SWIFT_OPTIMIZATION_LEVEL = "-O";
				VALIDATE_PRODUCT = YES;
			};
			name = Release;
		};
		EE4FE69324C5321600015194 /* Debug */ = {
			isa = XCBuildConfiguration;
			buildSettings = {
				ASSETCATALOG_COMPILER_APPICON_NAME = AppIcon;
				CODE_SIGN_STYLE = Automatic;
				DEVELOPMENT_TEAM = 3QD684HZ3Y;
				INFOPLIST_FILE = "My List Movie/Info.plist";
				LD_RUNPATH_SEARCH_PATHS = (
					"$(inherited)",
					"@executable_path/Frameworks",
				);
				PRODUCT_BUNDLE_IDENTIFIER = "com.gyosanila.My-List-Movie";
				PRODUCT_NAME = "$(TARGET_NAME)";
				SWIFT_VERSION = 5.0;
				TARGETED_DEVICE_FAMILY = "1,2";
			};
			name = Debug;
		};
		EE4FE69424C5321600015194 /* Release */ = {
			isa = XCBuildConfiguration;
			buildSettings = {
				ASSETCATALOG_COMPILER_APPICON_NAME = AppIcon;
				CODE_SIGN_STYLE = Automatic;
				DEVELOPMENT_TEAM = 3QD684HZ3Y;
				INFOPLIST_FILE = "My List Movie/Info.plist";
				LD_RUNPATH_SEARCH_PATHS = (
					"$(inherited)",
					"@executable_path/Frameworks",
				);
				PRODUCT_BUNDLE_IDENTIFIER = "com.gyosanila.My-List-Movie";
				PRODUCT_NAME = "$(TARGET_NAME)";
				SWIFT_VERSION = 5.0;
				TARGETED_DEVICE_FAMILY = "1,2";
			};
			name = Release;
		};
/* End XCBuildConfiguration section */

/* Begin XCConfigurationList section */
		EE4FE67924C5321300015194 /* Build configuration list for PBXProject "My List Movie" */ = {
			isa = XCConfigurationList;
			buildConfigurations = (
				EE4FE69024C5321600015194 /* Debug */,
				EE4FE69124C5321600015194 /* Release */,
			);
			defaultConfigurationIsVisible = 0;
			defaultConfigurationName = Release;
		};
		EE4FE69224C5321600015194 /* Build configuration list for PBXNativeTarget "My List Movie" */ = {
			isa = XCConfigurationList;
			buildConfigurations = (
				EE4FE69324C5321600015194 /* Debug */,
				EE4FE69424C5321600015194 /* Release */,
			);
			defaultConfigurationIsVisible = 0;
			defaultConfigurationName = Release;
		};
/* End XCConfigurationList section */
	};
	rootObject = EE4FE67624C5321300015194 /* Project object */;
}
